
Microsoft Visual Studio Solution File, Format Version 12.00
# Visual Studio Version 16
VisualStudioVersion = 16.0.32228.343
MinimumVisualStudioVersion = 10.0.40219.1
Project("{FAE04EC0-301F-11D3-BF4B-00C04F79EFBC}") = "WebApplication1", "WebApplication1.csproj", "{FBE360A7-93DE-4B3C-80E3-30ABEC428423}"
EndProject
Global
	GlobalSection(SolutionConfigurationPlatforms) = preSolution
		Debug|Any CPU = Debug|Any CPU
		Release|Any CPU = Release|Any CPU
	EndGlobalSection
	GlobalSection(ProjectConfigurationPlatforms) = postSolution
		{FBE360A7-93DE-4B3C-80E3-30ABEC428423}.Debug|Any CPU.ActiveCfg = Debug|Any CPU
		{FBE360A7-93DE-4B3C-80E3-30ABEC428423}.Debug|Any CPU.Build.0 = Debug|Any CPU
		{FBE360A7-93DE-4B3C-80E3-30ABEC428423}.Release|Any CPU.ActiveCfg = Release|Any CPU
		{FBE360A7-93DE-4B3C-80E3-30ABEC428423}.Release|Any CPU.Build.0 = Release|Any CPU
	EndGlobalSection
	GlobalSection(SolutionProperties) = preSolution
		HideSolutionNode = FALSE
	EndGlobalSection
	GlobalSection(ExtensibilityGlobals) = postSolution
		SolutionGuid = {5D744463-F9EC-45E7-AD9B-7F32AE1D5D58}
	EndGlobalSection
EndGlobal
